
Microsoft Visual Studio Solution File, Format Version 12.00
# Visual Studio 14
VisualStudioVersion = 14.0.23107.0
MinimumVisualStudioVersion = 10.0.40219.1
Project("{FAE04EC0-301F-11D3-BF4B-00C04F79EFBC}") = "Rehearsal", "Rehearsal\Rehearsal.csproj", "{D2F7559A-7EA6-4A81-BAE3-BA1519519136}"
EndProject
Project("{FAE04EC0-301F-11D3-BF4B-00C04F79EFBC}") = "Goat", "Goat\Goat.csproj", "{6EDCCFEB-2FDA-4926-8E95-9266D725EC2A}"
EndProject
Project("{FAE04EC0-301F-11D3-BF4B-00C04F79EFBC}") = "Mushrooms", "Mushrooms\Mushrooms.csproj", "{CFC8C860-D7C5-4DED-83C0-11DC4C72C081}"
EndProject
Project("{FAE04EC0-301F-11D3-BF4B-00C04F79EFBC}") = "Trains", "Trains\Trains.csproj", "{1640713F-A76B-425B-9596-20D9A8E50AEB}"
EndProject
Global
	GlobalSection(SolutionConfigurationPlatforms) = preSolution
		Debug|Any CPU = Debug|Any CPU
		Release|Any CPU = Release|Any CPU
	EndGlobalSection
	GlobalSection(ProjectConfigurationPlatforms) = postSolution
		{D2F7559A-7EA6-4A81-BAE3-BA1519519136}.Debug|Any CPU.ActiveCfg = Debug|Any CPU
		{D2F7559A-7EA6-4A81-BAE3-BA1519519136}.Debug|Any CPU.Build.0 = Debug|Any CPU
		{D2F7559A-7EA6-4A81-BAE3-BA1519519136}.Release|Any CPU.ActiveCfg = Release|Any CPU
		{D2F7559A-7EA6-4A81-BAE3-BA1519519136}.Release|Any CPU.Build.0 = Release|Any CPU
		{6EDCCFEB-2FDA-4926-8E95-9266D725EC2A}.Debug|Any CPU.ActiveCfg = Debug|Any CPU
		{6EDCCFEB-2FDA-4926-8E95-9266D725EC2A}.Debug|Any CPU.Build.0 = Debug|Any CPU
		{6EDCCFEB-2FDA-4926-8E95-9266D725EC2A}.Release|Any CPU.ActiveCfg = Release|Any CPU
		{6EDCCFEB-2FDA-4926-8E95-9266D725EC2A}.Release|Any CPU.Build.0 = Release|Any CPU
		{CFC8C860-D7C5-4DED-83C0-11DC4C72C081}.Debug|Any CPU.ActiveCfg = Debug|Any CPU
		{CFC8C860-D7C5-4DED-83C0-11DC4C72C081}.Debug|Any CPU.Build.0 = Debug|Any CPU
		{CFC8C860-D7C5-4DED-83C0-11DC4C72C081}.Release|Any CPU.ActiveCfg = Release|Any CPU
		{CFC8C860-D7C5-4DED-83C0-11DC4C72C081}.Release|Any CPU.Build.0 = Release|Any CPU
		{1640713F-A76B-425B-9596-20D9A8E50AEB}.Debug|Any CPU.ActiveCfg = Debug|Any CPU
		{1640713F-A76B-425B-9596-20D9A8E50AEB}.Debug|Any CPU.Build.0 = Debug|Any CPU
		{1640713F-A76B-425B-9596-20D9A8E50AEB}.Release|Any CPU.ActiveCfg = Release|Any CPU
		{1640713F-A76B-425B-9596-20D9A8E50AEB}.Release|Any CPU.Build.0 = Release|Any CPU
	EndGlobalSection
	GlobalSection(SolutionProperties) = preSolution
		HideSolutionNode = FALSE
	EndGlobalSection
EndGlobal
